
Microsoft Visual Studio Solution File, Format Version 12.00
# Visual Studio Version 16
VisualStudioVersion = 16.0.31205.134
MinimumVisualStudioVersion = 10.0.40219.1
Project("{FAE04EC0-301F-11D3-BF4B-00C04F79EFBC}") = "FootBallPlayerAPI", "FootBallPlayerAPI\FootBallPlayerAPI.csproj", "{B12C226A-879A-491C-9640-CDEEAED0F9B6}"
EndProject
Global
	GlobalSection(SolutionConfigurationPlatforms) = preSolution
		Debug|Any CPU = Debug|Any CPU
		Release|Any CPU = Release|Any CPU
	EndGlobalSection
	GlobalSection(ProjectConfigurationPlatforms) = postSolution
		{B12C226A-879A-491C-9640-CDEEAED0F9B6}.Debug|Any CPU.ActiveCfg = Debug|Any CPU
		{B12C226A-879A-491C-9640-CDEEAED0F9B6}.Debug|Any CPU.Build.0 = Debug|Any CPU
		{B12C226A-879A-491C-9640-CDEEAED0F9B6}.Release|Any CPU.ActiveCfg = Release|Any CPU
		{B12C226A-879A-491C-9640-CDEEAED0F9B6}.Release|Any CPU.Build.0 = Release|Any CPU
	EndGlobalSection
	GlobalSection(SolutionProperties) = preSolution
		HideSolutionNode = FALSE
	EndGlobalSection
	GlobalSection(ExtensibilityGlobals) = postSolution
		SolutionGuid = {91AC2386-0EF9-4877-A732-C6D423F88419}
	EndGlobalSection
EndGlobal
